
Microsoft Visual Studio Solution File, Format Version 12.00
# Visual Studio Version 17
VisualStudioVersion = 17.0.31903.59
MinimumVisualStudioVersion = 10.0.40219.1
Project("{FAE04EC0-301F-11D3-BF4B-00C04F79EFBC}") = "APIverso.Domain", "APIverso.Domain\APIverso.Domain.csproj", "{97CFA4BB-1A38-4E65-A86F-D509B74C6422}"
EndProject
Project("{FAE04EC0-301F-11D3-BF4B-00C04F79EFBC}") = "APIverso.Infrastructure", "APIverso.Infrastructure\APIverso.Infrastructure.csproj", "{10D8A059-7958-4A86-A0ED-BD74B3A1628C}"
EndProject
Project("{FAE04EC0-301F-11D3-BF4B-00C04F79EFBC}") = "APIverso.Application", "APIverso.Application\APIverso.Application.csproj", "{2AE80E96-8B16-4475-9CB9-FACFCF8AA47E}"
EndProject
Global
	GlobalSection(SolutionConfigurationPlatforms) = preSolution
		Debug|Any CPU = Debug|Any CPU
		Release|Any CPU = Release|Any CPU
	EndGlobalSection
	GlobalSection(ProjectConfigurationPlatforms) = postSolution
		{97CFA4BB-1A38-4E65-A86F-D509B74C6422}.Debug|Any CPU.ActiveCfg = Debug|Any CPU
		{97CFA4BB-1A38-4E65-A86F-D509B74C6422}.Debug|Any CPU.Build.0 = Debug|Any CPU
		{97CFA4BB-1A38-4E65-A86F-D509B74C6422}.Release|Any CPU.ActiveCfg = Release|Any CPU
		{97CFA4BB-1A38-4E65-A86F-D509B74C6422}.Release|Any CPU.Build.0 = Release|Any CPU
		{10D8A059-7958-4A86-A0ED-BD74B3A1628C}.Debug|Any CPU.ActiveCfg = Debug|Any CPU
		{10D8A059-7958-4A86-A0ED-BD74B3A1628C}.Debug|Any CPU.Build.0 = Debug|Any CPU
		{10D8A059-7958-4A86-A0ED-BD74B3A1628C}.Release|Any CPU.ActiveCfg = Release|Any CPU
		{10D8A059-7958-4A86-A0ED-BD74B3A1628C}.Release|Any CPU.Build.0 = Release|Any CPU
		{2AE80E96-8B16-4475-9CB9-FACFCF8AA47E}.Debug|Any CPU.ActiveCfg = Debug|Any CPU
		{2AE80E96-8B16-4475-9CB9-FACFCF8AA47E}.Debug|Any CPU.Build.0 = Debug|Any CPU
		{2AE80E96-8B16-4475-9CB9-FACFCF8AA47E}.Release|Any CPU.ActiveCfg = Release|Any CPU
		{2AE80E96-8B16-4475-9CB9-FACFCF8AA47E}.Release|Any CPU.Build.0 = Release|Any CPU
	EndGlobalSection
	GlobalSection(SolutionProperties) = preSolution
		HideSolutionNode = FALSE
	EndGlobalSection
	GlobalSection(ExtensibilityGlobals) = postSolution
		SolutionGuid = {22E7782B-7E44-4239-B0A5-63BC63A78561}
	EndGlobalSection
EndGlobal
